// !$*UTF8*$!
{
	archiveVersion = 1;
	classes = {
	};
	objectVersion = 55;
	objects = {

/* Begin PBXBuildFile section */
		344A9CEE2CADEFC50000E2B0 /* AppDelegate.swift in Sources */ = {isa = PBXBuildFile; fileRef = 344A9CED2CADEFC50000E2B0 /* AppDelegate.swift */; };
		344A9CF02CADEFC50000E2B0 /* SceneDelegate.swift in Sources */ = {isa = PBXBuildFile; fileRef = 344A9CEF2CADEFC50000E2B0 /* SceneDelegate.swift */; };
		344A9CF22CADEFC50000E2B0 /* ViewController.swift in Sources */ = {isa = PBXBuildFile; fileRef = 344A9CF12CADEFC50000E2B0 /* ViewController.swift */; };
		344A9CF52CADEFC50000E2B0 /* Main.storyboard in Resources */ = {isa = PBXBuildFile; fileRef = 344A9CF32CADEFC50000E2B0 /* Main.storyboard */; };
		344A9CF82CADEFC50000E2B0 /* ColeccionDeJuegos.xcdatamodeld in Sources */ = {isa = PBXBuildFile; fileRef = 344A9CF62CADEFC50000E2B0 /* ColeccionDeJuegos.xcdatamodeld */; };
		344A9CFA2CADEFC80000E2B0 /* Assets.xcassets in Resources */ = {isa = PBXBuildFile; fileRef = 344A9CF92CADEFC80000E2B0 /* Assets.xcassets */; };
		344A9CFD2CADEFC80000E2B0 /* LaunchScreen.storyboard in Resources */ = {isa = PBXBuildFile; fileRef = 344A9CFB2CADEFC80000E2B0 /* LaunchScreen.storyboard */; };
		344A9D082CADEFC80000E2B0 /* ColeccionDeJuegosTests.swift in Sources */ = {isa = PBXBuildFile; fileRef = 344A9D072CADEFC80000E2B0 /* ColeccionDeJuegosTests.swift */; };
		344A9D122CADEFC80000E2B0 /* ColeccionDeJuegosUITests.swift in Sources */ = {isa = PBXBuildFile; fileRef = 344A9D112CADEFC80000E2B0 /* ColeccionDeJuegosUITests.swift */; };
		344A9D142CADEFC80000E2B0 /* ColeccionDeJuegosUITestsLaunchTests.swift in Sources */ = {isa = PBXBuildFile; fileRef = 344A9D132CADEFC80000E2B0 /* ColeccionDeJuegosUITestsLaunchTests.swift */; };
/* End PBXBuildFile section */

/* Begin PBXContainerItemProxy section */
		344A9D042CADEFC80000E2B0 /* PBXContainerItemProxy */ = {
			isa = PBXContainerItemProxy;
			containerPortal = 344A9CE22CADEFC50000E2B0 /* Project object */;
			proxyType = 1;
			remoteGlobalIDString = 344A9CE92CADEFC50000E2B0;
			remoteInfo = ColeccionDeJuegos;
		};
		344A9D0E2CADEFC80000E2B0 /* PBXContainerItemProxy */ = {
			isa = PBXContainerItemProxy;
			containerPortal = 344A9CE22CADEFC50000E2B0 /* Project object */;
			proxyType = 1;
			remoteGlobalIDString = 344A9CE92CADEFC50000E2B0;
			remoteInfo = ColeccionDeJuegos;
		};
/* End PBXContainerItemProxy section */

/* Begin PBXFileReference section */
		344A9CEA2CADEFC50000E2B0 /* ColeccionDeJuegos.app */ = {isa = PBXFileReference; explicitFileType = wrapper.application; includeInIndex = 0; path = ColeccionDeJuegos.app; sourceTree = BUILT_PRODUCTS_DIR; };
		344A9CED2CADEFC50000E2B0 /* AppDelegate.swift */ = {isa = PBXFileReference; lastKnownFileType = sourcecode.swift; path = AppDelegate.swift; sourceTree = "<group>"; };
		344A9CEF2CADEFC50000E2B0 /* SceneDelegate.swift */ = {isa = PBXFileReference; lastKnownFileType = sourcecode.swift; path = SceneDelegate.swift; sourceTree = "<group>"; };
		344A9CF12CADEFC50000E2B0 /* ViewController.swift */ = {isa = PBXFileReference; lastKnownFileType = sourcecode.swift; path = ViewController.swift; sourceTree = "<group>"; };
		344A9CF42CADEFC50000E2B0 /* Base */ = {isa = PBXFileReference; lastKnownFileType = file.storyboard; name = Base; path = Base.lproj/Main.storyboard; sourceTree = "<group>"; };
		344A9CF72CADEFC50000E2B0 /* ColeccionDeJuegos.xcdatamodel */ = {isa = PBXFileReference; lastKnownFileType = wrapper.xcdatamodel; path = ColeccionDeJuegos.xcdatamodel; sourceTree = "<group>"; };
		344A9CF92CADEFC80000E2B0 /* Assets.xcassets */ = {isa = PBXFileReference; lastKnownFileType = folder.assetcatalog; path = Assets.xcassets; sourceTree = "<group>"; };
		344A9CFC2CADEFC80000E2B0 /* Base */ = {isa = PBXFileReference; lastKnownFileType = file.storyboard; name = Base; path = Base.lproj/LaunchScreen.storyboard; sourceTree = "<group>"; };
		344A9CFE2CADEFC80000E2B0 /* Info.plist */ = {isa = PBXFileReference; lastKnownFileType = text.plist.xml; path = Info.plist; sourceTree = "<group>"; };
		344A9D032CADEFC80000E2B0 /* ColeccionDeJuegosTests.xctest */ = {isa = PBXFileReference; explicitFileType = wrapper.cfbundle; includeInIndex = 0; path = ColeccionDeJuegosTests.xctest; sourceTree = BUILT_PRODUCTS_DIR; };
		344A9D072CADEFC80000E2B0 /* ColeccionDeJuegosTests.swift */ = {isa = PBXFileReference; lastKnownFileType = sourcecode.swift; path = ColeccionDeJuegosTests.swift; sourceTree = "<group>"; };
		344A9D0D2CADEFC80000E2B0 /* ColeccionDeJuegosUITests.xctest */ = {isa = PBXFileReference; explicitFileType = wrapper.cfbundle; includeInIndex = 0; path = ColeccionDeJuegosUITests.xctest; sourceTree = BUILT_PRODUCTS_DIR; };
		344A9D112CADEFC80000E2B0 /* ColeccionDeJuegosUITests.swift */ = {isa = PBXFileReference; lastKnownFileType = sourcecode.swift; path = ColeccionDeJuegosUITests.swift; sourceTree = "<group>"; };
		344A9D132CADEFC80000E2B0 /* ColeccionDeJuegosUITestsLaunchTests.swift */ = {isa = PBXFileReference; lastKnownFileType = sourcecode.swift; path = ColeccionDeJuegosUITestsLaunchTests.swift; sourceTree = "<group>"; };
/* End PBXFileReference section */

/* Begin PBXFrameworksBuildPhase section */
		344A9CE72CADEFC50000E2B0 /* Frameworks */ = {
			isa = PBXFrameworksBuildPhase;
			buildActionMask = 2147483647;
			files = (
			);
			runOnlyForDeploymentPostprocessing = 0;
		};
		344A9D002CADEFC80000E2B0 /* Frameworks */ = {
			isa = PBXFrameworksBuildPhase;
			buildActionMask = 2147483647;
			files = (
			);
			runOnlyForDeploymentPostprocessing = 0;
		};
		344A9D0A2CADEFC80000E2B0 /* Frameworks */ = {
			isa = PBXFrameworksBuildPhase;
			buildActionMask = 2147483647;
			files = (
			);
			runOnlyForDeploymentPostprocessing = 0;
		};
/* End PBXFrameworksBuildPhase section */

/* Begin PBXGroup section */
		344A9CE12CADEFC50000E2B0 = {
			isa = PBXGroup;
			children = (
				344A9CEC2CADEFC50000E2B0 /* ColeccionDeJuegos */,
				344A9D062CADEFC80000E2B0 /* ColeccionDeJuegosTests */,
				344A9D102CADEFC80000E2B0 /* ColeccionDeJuegosUITests */,
				344A9CEB2CADEFC50000E2B0 /* Products */,
			);
			sourceTree = "<group>";
		};
		344A9CEB2CADEFC50000E2B0 /* Products */ = {
			isa = PBXGroup;
			children = (
				344A9CEA2CADEFC50000E2B0 /* ColeccionDeJuegos.app */,
				344A9D032CADEFC80000E2B0 /* ColeccionDeJuegosTests.xctest */,
				344A9D0D2CADEFC80000E2B0 /* ColeccionDeJuegosUITests.xctest */,
			);
			name = Products;
			sourceTree = "<group>";
		};
		344A9CEC2CADEFC50000E2B0 /* ColeccionDeJuegos */ = {
			isa = PBXGroup;
			children = (
				344A9CED2CADEFC50000E2B0 /* AppDelegate.swift */,
				344A9CEF2CADEFC50000E2B0 /* SceneDelegate.swift */,
				344A9CF12CADEFC50000E2B0 /* ViewController.swift */,
				344A9CF32CADEFC50000E2B0 /* Main.storyboard */,
				344A9CF92CADEFC80000E2B0 /* Assets.xcassets */,
				344A9CFB2CADEFC80000E2B0 /* LaunchScreen.storyboard */,
				344A9CFE2CADEFC80000E2B0 /* Info.plist */,
				344A9CF62CADEFC50000E2B0 /* ColeccionDeJuegos.xcdatamodeld */,
			);
			path = ColeccionDeJuegos;
			sourceTree = "<group>";
		};
		344A9D062CADEFC80000E2B0 /* ColeccionDeJuegosTests */ = {
			isa = PBXGroup;
			children = (
				344A9D072CADEFC80000E2B0 /* ColeccionDeJuegosTests.swift */,
			);
			path = ColeccionDeJuegosTests;
			sourceTree = "<group>";
		};
		344A9D102CADEFC80000E2B0 /* ColeccionDeJuegosUITests */ = {
			isa = PBXGroup;
			children = (
				344A9D112CADEFC80000E2B0 /* ColeccionDeJuegosUITests.swift */,
				344A9D132CADEFC80000E2B0 /* ColeccionDeJuegosUITestsLaunchTests.swift */,
			);
			path = ColeccionDeJuegosUITests;
			sourceTree = "<group>";
		};
/* End PBXGroup section */

/* Begin PBXNativeTarget section */
		344A9CE92CADEFC50000E2B0 /* ColeccionDeJuegos */ = {
			isa = PBXNativeTarget;
			buildConfigurationList = 344A9D172CADEFC80000E2B0 /* Build configuration list for PBXNativeTarget "ColeccionDeJuegos" */;
			buildPhases = (
				344A9CE62CADEFC50000E2B0 /* Sources */,
				344A9CE72CADEFC50000E2B0 /* Frameworks */,
				344A9CE82CADEFC50000E2B0 /* Resources */,
			);
			buildRules = (
			);
			dependencies = (
			);
			name = ColeccionDeJuegos;
			productName = ColeccionDeJuegos;
			productReference = 344A9CEA2CADEFC50000E2B0 /* ColeccionDeJuegos.app */;
			productType = "com.apple.product-type.application";
		};
		344A9D022CADEFC80000E2B0 /* ColeccionDeJuegosTests */ = {
			isa = PBXNativeTarget;
			buildConfigurationList = 344A9D1A2CADEFC80000E2B0 /* Build configuration list for PBXNativeTarget "ColeccionDeJuegosTests" */;
			buildPhases = (
				344A9CFF2CADEFC80000E2B0 /* Sources */,
				344A9D002CADEFC80000E2B0 /* Frameworks */,
				344A9D012CADEFC80000E2B0 /* Resources */,
			);
			buildRules = (
			);
			dependencies = (
				344A9D052CADEFC80000E2B0 /* PBXTargetDependency */,
			);
			name = ColeccionDeJuegosTests;
			productName = ColeccionDeJuegosTests;
			productReference = 344A9D032CADEFC80000E2B0 /* ColeccionDeJuegosTests.xctest */;
			productType = "com.apple.product-type.bundle.unit-test";
		};
		344A9D0C2CADEFC80000E2B0 /* ColeccionDeJuegosUITests */ = {
			isa = PBXNativeTarget;
			buildConfigurationList = 344A9D1D2CADEFC80000E2B0 /* Build configuration list for PBXNativeTarget "ColeccionDeJuegosUITests" */;
			buildPhases = (
				344A9D092CADEFC80000E2B0 /* Sources */,
				344A9D0A2CADEFC80000E2B0 /* Frameworks */,
				344A9D0B2CADEFC80000E2B0 /* Resources */,
			);
			buildRules = (
			);
			dependencies = (
				344A9D0F2CADEFC80000E2B0 /* PBXTargetDependency */,
			);
			name = ColeccionDeJuegosUITests;
			productName = ColeccionDeJuegosUITests;
			productReference = 344A9D0D2CADEFC80000E2B0 /* ColeccionDeJuegosUITests.xctest */;
			productType = "com.apple.product-type.bundle.ui-testing";
		};
/* End PBXNativeTarget section */

/* Begin PBXProject section */
		344A9CE22CADEFC50000E2B0 /* Project object */ = {
			isa = PBXProject;
			attributes = {
				BuildIndependentTargetsInParallel = 1;
				LastSwiftUpdateCheck = 1340;
				LastUpgradeCheck = 1340;
				TargetAttributes = {
					344A9CE92CADEFC50000E2B0 = {
						CreatedOnToolsVersion = 13.4.1;
					};
					344A9D022CADEFC80000E2B0 = {
						CreatedOnToolsVersion = 13.4.1;
						TestTargetID = 344A9CE92CADEFC50000E2B0;
					};
					344A9D0C2CADEFC80000E2B0 = {
						CreatedOnToolsVersion = 13.4.1;
						TestTargetID = 344A9CE92CADEFC50000E2B0;
					};
				};
			};
			buildConfigurationList = 344A9CE52CADEFC50000E2B0 /* Build configuration list for PBXProject "ColeccionDeJuegos" */;
			compatibilityVersion = "Xcode 13.0";
			developmentRegion = en;
			hasScannedForEncodings = 0;
			knownRegions = (
				en,
				Base,
			);
			mainGroup = 344A9CE12CADEFC50000E2B0;
			productRefGroup = 344A9CEB2CADEFC50000E2B0 /* Products */;
			projectDirPath = "";
			projectRoot = "";
			targets = (
				344A9CE92CADEFC50000E2B0 /* ColeccionDeJuegos */,
				344A9D022CADEFC80000E2B0 /* ColeccionDeJuegosTests */,
				344A9D0C2CADEFC80000E2B0 /* ColeccionDeJuegosUITests */,
			);
		};
/* End PBXProject section */

/* Begin PBXResourcesBuildPhase section */
		344A9CE82CADEFC50000E2B0 /* Resources */ = {
			isa = PBXResourcesBuildPhase;
			buildActionMask = 2147483647;
			files = (
				344A9CFD2CADEFC80000E2B0 /* LaunchScreen.storyboard in Resources */,
				344A9CFA2CADEFC80000E2B0 /* Assets.xcassets in Resources */,
				344A9CF52CADEFC50000E2B0 /* Main.storyboard in Resources */,
			);
			runOnlyForDeploymentPostprocessing = 0;
		};
		344A9D012CADEFC80000E2B0 /* Resources */ = {
			isa = PBXResourcesBuildPhase;
			buildActionMask = 2147483647;
			files = (
			);
			runOnlyForDeploymentPostprocessing = 0;
		};
		344A9D0B2CADEFC80000E2B0 /* Resources */ = {
			isa = PBXResourcesBuildPhase;
			buildActionMask = 2147483647;
			files = (
			);
			runOnlyForDeploymentPostprocessing = 0;
		};
/* End PBXResourcesBuildPhase section */

/* Begin PBXSourcesBuildPhase section */
		344A9CE62CADEFC50000E2B0 /* Sources */ = {
			isa = PBXSourcesBuildPhase;
			buildActionMask = 2147483647;
			files = (
				344A9CF22CADEFC50000E2B0 /* ViewController.swift in Sources */,
				344A9CEE2CADEFC50000E2B0 /* AppDelegate.swift in Sources */,
				344A9CF02CADEFC50000E2B0 /* SceneDelegate.swift in Sources */,
				344A9CF82CADEFC50000E2B0 /* ColeccionDeJuegos.xcdatamodeld in Sources */,
			);
			runOnlyForDeploymentPostprocessing = 0;
		};
		344A9CFF2CADEFC80000E2B0 /* Sources */ = {
			isa = PBXSourcesBuildPhase;
			buildActionMask = 2147483647;
			files = (
				344A9D082CADEFC80000E2B0 /* ColeccionDeJuegosTests.swift in Sources */,
			);
			runOnlyForDeploymentPostprocessing = 0;
		};
		344A9D092CADEFC80000E2B0 /* Sources */ = {
			isa = PBXSourcesBuildPhase;
			buildActionMask = 2147483647;
			files = (
				344A9D142CADEFC80000E2B0 /* ColeccionDeJuegosUITestsLaunchTests.swift in Sources */,
				344A9D122CADEFC80000E2B0 /* ColeccionDeJuegosUITests.swift in Sources */,
			);
			runOnlyForDeploymentPostprocessing = 0;
		};
/* End PBXSourcesBuildPhase section */

/* Begin PBXTargetDependency section */
		344A9D052CADEFC80000E2B0 /* PBXTargetDependency */ = {
			isa = PBXTargetDependency;
			target = 344A9CE92CADEFC50000E2B0 /* ColeccionDeJuegos */;
			targetProxy = 344A9D042CADEFC80000E2B0 /* PBXContainerItemProxy */;
		};
		344A9D0F2CADEFC80000E2B0 /* PBXTargetDependency */ = {
			isa = PBXTargetDependency;
			target = 344A9CE92CADEFC50000E2B0 /* ColeccionDeJuegos */;
			targetProxy = 344A9D0E2CADEFC80000E2B0 /* PBXContainerItemProxy */;
		};
/* End PBXTargetDependency section */

/* Begin PBXVariantGroup section */
		344A9CF32CADEFC50000E2B0 /* Main.storyboard */ = {
			isa = PBXVariantGroup;
			children = (
				344A9CF42CADEFC50000E2B0 /* Base */,
			);
			name = Main.storyboard;
			sourceTree = "<group>";
		};
		344A9CFB2CADEFC80000E2B0 /* LaunchScreen.storyboard */ = {
			isa = PBXVariantGroup;
			children = (
				344A9CFC2CADEFC80000E2B0 /* Base */,
			);
			name = LaunchScreen.storyboard;
			sourceTree = "<group>";
		};
/* End PBXVariantGroup section */

/* Begin XCBuildConfiguration section */
		344A9D152CADEFC80000E2B0 /* Debug */ = {
			isa = XCBuildConfiguration;
			buildSettings = {
				ALWAYS_SEARCH_USER_PATHS = NO;
				CLANG_ANALYZER_NONNULL = YES;
				CLANG_ANALYZER_NUMBER_OBJECT_CONVERSION = YES_AGGRESSIVE;
				CLANG_CXX_LANGUAGE_STANDARD = "gnu++17";
				CLANG_ENABLE_MODULES = YES;
				CLANG_ENABLE_OBJC_ARC = YES;
				CLANG_ENABLE_OBJC_WEAK = YES;
				CLANG_WARN_BLOCK_CAPTURE_AUTORELEASING = YES;
				CLANG_WARN_BOOL_CONVERSION = YES;
				CLANG_WARN_COMMA = YES;
				CLANG_WARN_CONSTANT_CONVERSION = YES;
				CLANG_WARN_DEPRECATED_OBJC_IMPLEMENTATIONS = YES;
				CLANG_WARN_DIRECT_OBJC_ISA_USAGE = YES_ERROR;
				CLANG_WARN_DOCUMENTATION_COMMENTS = YES;
				CLANG_WARN_EMPTY_BODY = YES;
				CLANG_WARN_ENUM_CONVERSION = YES;
				CLANG_WARN_INFINITE_RECURSION = YES;
				CLANG_WARN_INT_CONVERSION = YES;
				CLANG_WARN_NON_LITERAL_NULL_CONVERSION = YES;
				CLANG_WARN_OBJC_IMPLICIT_RETAIN_SELF = YES;
				CLANG_WARN_OBJC_LITERAL_CONVERSION = YES;
				CLANG_WARN_OBJC_ROOT_CLASS = YES_ERROR;
				CLANG_WARN_QUOTED_INCLUDE_IN_FRAMEWORK_HEADER = YES;
				CLANG_WARN_RANGE_LOOP_ANALYSIS = YES;
				CLANG_WARN_STRICT_PROTOTYPES = YES;
				CLANG_WARN_SUSPICIOUS_MOVE = YES;
				CLANG_WARN_UNGUARDED_AVAILABILITY = YES_AGGRESSIVE;
				CLANG_WARN_UNREACHABLE_CODE = YES;
				CLANG_WARN__DUPLICATE_METHOD_MATCH = YES;
				COPY_PHASE_STRIP = NO;
				DEBUG_INFORMATION_FORMAT = dwarf;
				ENABLE_STRICT_OBJC_MSGSEND = YES;
				ENABLE_TESTABILITY = YES;
				GCC_C_LANGUAGE_STANDARD = gnu11;
				GCC_DYNAMIC_NO_PIC = NO;
				GCC_NO_COMMON_BLOCKS = YES;
				GCC_OPTIMIZATION_LEVEL = 0;
				GCC_PREPROCESSOR_DEFINITIONS = (
					"DEBUG=1",
					"$(inherited)",
				);
				GCC_WARN_64_TO_32_BIT_CONVERSION = YES;
				GCC_WARN_ABOUT_RETURN_TYPE = YES_ERROR;
				GCC_WARN_UNDECLARED_SELECTOR = YES;
				GCC_WARN_UNINITIALIZED_AUTOS = YES_AGGRESSIVE;
				GCC_WARN_UNUSED_FUNCTION = YES;
				GCC_WARN_UNUSED_VARIABLE = YES;
				IPHONEOS_DEPLOYMENT_TARGET = 15.5;
				MTL_ENABLE_DEBUG_INFO = INCLUDE_SOURCE;
				MTL_FAST_MATH = YES;
				ONLY_ACTIVE_ARCH = YES;
				SDKROOT = iphoneos;
				SWIFT_ACTIVE_COMPILATION_CONDITIONS = DEBUG;
				SWIFT_OPTIMIZATION_LEVEL = "-Onone";
			};
			name = Debug;
		};
		344A9D162CADEFC80000E2B0 /* Release */ = {
			isa = XCBuildConfiguration;
			buildSettings = {
				ALWAYS_SEARCH_USER_PATHS = NO;
				CLANG_ANALYZER_NONNULL = YES;
				CLANG_ANALYZER_NUMBER_OBJECT_CONVERSION = YES_AGGRESSIVE;
				CLANG_CXX_LANGUAGE_STANDARD = "gnu++17";
				CLANG_ENABLE_MODULES = YES;
				CLANG_ENABLE_OBJC_ARC = YES;
				CLANG_ENABLE_OBJC_WEAK = YES;
				CLANG_WARN_BLOCK_CAPTURE_AUTORELEASING = YES;
				CLANG_WARN_BOOL_CONVERSION = YES;
				CLANG_WARN_COMMA = YES;
				CLANG_WARN_CONSTANT_CONVERSION = YES;
				CLANG_WARN_DEPRECATED_OBJC_IMPLEMENTATIONS = YES;
				CLANG_WARN_DIRECT_OBJC_ISA_USAGE = YES_ERROR;
				CLANG_WARN_DOCUMENTATION_COMMENTS = YES;
				CLANG_WARN_EMPTY_BODY = YES;
				CLANG_WARN_ENUM_CONVERSION = YES;
				CLANG_WARN_INFINITE_RECURSION = YES;
				CLANG_WARN_INT_CONVERSION = YES;
				CLANG_WARN_NON_LITERAL_NULL_CONVERSION = YES;
				CLANG_WARN_OBJC_IMPLICIT_RETAIN_SELF = YES;
				CLANG_WARN_OBJC_LITERAL_CONVERSION = YES;
				CLANG_WARN_OBJC_ROOT_CLASS = YES_ERROR;
				CLANG_WARN_QUOTED_INCLUDE_IN_FRAMEWORK_HEADER = YES;
				CLANG_WARN_RANGE_LOOP_ANALYSIS = YES;
				CLANG_WARN_STRICT_PROTOTYPES = YES;
				CLANG_WARN_SUSPICIOUS_MOVE = YES;
				CLANG_WARN_UNGUARDED_AVAILABILITY = YES_AGGRESSIVE;
				CLANG_WARN_UNREACHABLE_CODE = YES;
				CLANG_WARN__DUPLICATE_METHOD_MATCH = YES;
				COPY_PHASE_STRIP = NO;
				DEBUG_INFORMATION_FORMAT = "dwarf-with-dsym";
				ENABLE_NS_ASSERTIONS = NO;
				ENABLE_STRICT_OBJC_MSGSEND = YES;
				GCC_C_LANGUAGE_STANDARD = gnu11;
				GCC_NO_COMMON_BLOCKS = YES;
				GCC_WARN_64_TO_32_BIT_CONVERSION = YES;
				GCC_WARN_ABOUT_RETURN_TYPE = YES_ERROR;
				GCC_WARN_UNDECLARED_SELECTOR = YES;
				GCC_WARN_UNINITIALIZED_AUTOS = YES_AGGRESSIVE;
				GCC_WARN_UNUSED_FUNCTION = YES;
				GCC_WARN_UNUSED_VARIABLE = YES;
				IPHONEOS_DEPLOYMENT_TARGET = 15.5;
				MTL_ENABLE_DEBUG_INFO = NO;
				MTL_FAST_MATH = YES;
				SDKROOT = iphoneos;
				SWIFT_COMPILATION_MODE = wholemodule;
				SWIFT_OPTIMIZATION_LEVEL = "-O";
				VALIDATE_PRODUCT = YES;
			};
			name = Release;
		};
		344A9D182CADEFC80000E2B0 /* Debug */ = {
			isa = XCBuildConfiguration;
			buildSettings = {
				ASSETCATALOG_COMPILER_APPICON_NAME = AppIcon;
				ASSETCATALOG_COMPILER_GLOBAL_ACCENT_COLOR_NAME = AccentColor;
				CODE_SIGN_STYLE = Automatic;
				CURRENT_PROJECT_VERSION = 1;
				GENERATE_INFOPLIST_FILE = YES;
				INFOPLIST_FILE = ColeccionDeJuegos/Info.plist;
				INFOPLIST_KEY_UIApplicationSupportsIndirectInputEvents = YES;
				INFOPLIST_KEY_UILaunchStoryboardName = LaunchScreen;
				INFOPLIST_KEY_UIMainStoryboardFile = Main;
				INFOPLIST_KEY_UISupportedInterfaceOrientations_iPad = "UIInterfaceOrientationPortrait UIInterfaceOrientationPortraitUpsideDown UIInterfaceOrientationLandscapeLeft UIInterfaceOrientationLandscapeRight";
				INFOPLIST_KEY_UISupportedInterfaceOrientations_iPhone = "UIInterfaceOrientationPortrait UIInterfaceOrientationLandscapeLeft UIInterfaceOrientationLandscapeRight";
				LD_RUNPATH_SEARCH_PATHS = (
					"$(inherited)",
					"@executable_path/Frameworks",
				);
				MARKETING_VERSION = 1.0;
				PRODUCT_BUNDLE_IDENTIFIER = com.empresa.ColeccionDeJuegos;
				PRODUCT_NAME = "$(TARGET_NAME)";
				SWIFT_EMIT_LOC_STRINGS = YES;
				SWIFT_VERSION = 5.0;
				TARGETED_DEVICE_FAMILY = "1,2";
			};
			name = Debug;
		};
		344A9D192CADEFC80000E2B0 /* Release */ = {
			isa = XCBuildConfiguration;
			buildSettings = {
				ASSETCATALOG_COMPILER_APPICON_NAME = AppIcon;
				ASSETCATALOG_COMPILER_GLOBAL_ACCENT_COLOR_NAME = AccentColor;
				CODE_SIGN_STYLE = Automatic;
				CURRENT_PROJECT_VERSION = 1;
				GENERATE_INFOPLIST_FILE = YES;
				INFOPLIST_FILE = ColeccionDeJuegos/Info.plist;
				INFOPLIST_KEY_UIApplicationSupportsIndirectInputEvents = YES;
				INFOPLIST_KEY_UILaunchStoryboardName = LaunchScreen;
				INFOPLIST_KEY_UIMainStoryboardFile = Main;
				INFOPLIST_KEY_UISupportedInterfaceOrientations_iPad = "UIInterfaceOrientationPortrait UIInterfaceOrientationPortraitUpsideDown UIInterfaceOrientationLandscapeLeft UIInterfaceOrientationLandscapeRight";
				INFOPLIST_KEY_UISupportedInterfaceOrientations_iPhone = "UIInterfaceOrientationPortrait UIInterfaceOrientationLandscapeLeft UIInterfaceOrientationLandscapeRight";
				LD_RUNPATH_SEARCH_PATHS = (
					"$(inherited)",
					"@executable_path/Frameworks",
				);
				MARKETING_VERSION = 1.0;
				PRODUCT_BUNDLE_IDENTIFIER = com.empresa.ColeccionDeJuegos;
				PRODUCT_NAME = "$(TARGET_NAME)";
				SWIFT_EMIT_LOC_STRINGS = YES;
				SWIFT_VERSION = 5.0;
				TARGETED_DEVICE_FAMILY = "1,2";
			};
			name = Release;
		};
		344A9D1B2CADEFC80000E2B0 /* Debug */ = {
			isa = XCBuildConfiguration;
			buildSettings = {
				ALWAYS_EMBED_SWIFT_STANDARD_LIBRARIES = YES;
				BUNDLE_LOADER = "$(TEST_HOST)";
				CODE_SIGN_STYLE = Automatic;
				CURRENT_PROJECT_VERSION = 1;
				GENERATE_INFOPLIST_FILE = YES;
				IPHONEOS_DEPLOYMENT_TARGET = 15.5;
				MARKETING_VERSION = 1.0;
				PRODUCT_BUNDLE_IDENTIFIER = com.empresa.ColeccionDeJuegosTests;
				PRODUCT_NAME = "$(TARGET_NAME)";
				SWIFT_EMIT_LOC_STRINGS = NO;
				SWIFT_VERSION = 5.0;
				TARGETED_DEVICE_FAMILY = "1,2";
				TEST_HOST = "$(BUILT_PRODUCTS_DIR)/ColeccionDeJuegos.app/ColeccionDeJuegos";
			};
			name = Debug;
		};
		344A9D1C2CADEFC80000E2B0 /* Release */ = {
			isa = XCBuildConfiguration;
			buildSettings = {
				ALWAYS_EMBED_SWIFT_STANDARD_LIBRARIES = YES;
				BUNDLE_LOADER = "$(TEST_HOST)";
				CODE_SIGN_STYLE = Automatic;
				CURRENT_PROJECT_VERSION = 1;
				GENERATE_INFOPLIST_FILE = YES;
				IPHONEOS_DEPLOYMENT_TARGET = 15.5;
				MARKETING_VERSION = 1.0;
				PRODUCT_BUNDLE_IDENTIFIER = com.empresa.ColeccionDeJuegosTests;
				PRODUCT_NAME = "$(TARGET_NAME)";
				SWIFT_EMIT_LOC_STRINGS = NO;
				SWIFT_VERSION = 5.0;
				TARGETED_DEVICE_FAMILY = "1,2";
				TEST_HOST = "$(BUILT_PRODUCTS_DIR)/ColeccionDeJuegos.app/ColeccionDeJuegos";
			};
			name = Release;
		};
		344A9D1E2CADEFC80000E2B0 /* Debug */ = {
			isa = XCBuildConfiguration;
			buildSettings = {
				ALWAYS_EMBED_SWIFT_STANDARD_LIBRARIES = YES;
				CODE_SIGN_STYLE = Automatic;
				CURRENT_PROJECT_VERSION = 1;
				GENERATE_INFOPLIST_FILE = YES;
				MARKETING_VERSION = 1.0;
				PRODUCT_BUNDLE_IDENTIFIER = com.empresa.ColeccionDeJuegosUITests;
				PRODUCT_NAME = "$(TARGET_NAME)";
				SWIFT_EMIT_LOC_STRINGS = NO;
				SWIFT_VERSION = 5.0;
				TARGETED_DEVICE_FAMILY = "1,2";
				TEST_TARGET_NAME = ColeccionDeJuegos;
			};
			name = Debug;
		};
		344A9D1F2CADEFC80000E2B0 /* Release */ = {
			isa = XCBuildConfiguration;
			buildSettings = {
				ALWAYS_EMBED_SWIFT_STANDARD_LIBRARIES = YES;
				CODE_SIGN_STYLE = Automatic;
				CURRENT_PROJECT_VERSION = 1;
				GENERATE_INFOPLIST_FILE = YES;
				MARKETING_VERSION = 1.0;
				PRODUCT_BUNDLE_IDENTIFIER = com.empresa.ColeccionDeJuegosUITests;
				PRODUCT_NAME = "$(TARGET_NAME)";
				SWIFT_EMIT_LOC_STRINGS = NO;
				SWIFT_VERSION = 5.0;
				TARGETED_DEVICE_FAMILY = "1,2";
				TEST_TARGET_NAME = ColeccionDeJuegos;
			};
			name = Release;
		};
/* End XCBuildConfiguration section */

/* Begin XCConfigurationList section */
		344A9CE52CADEFC50000E2B0 /* Build configuration list for PBXProject "ColeccionDeJuegos" */ = {
			isa = XCConfigurationList;
			buildConfigurations = (
				344A9D152CADEFC80000E2B0 /* Debug */,
				344A9D162CADEFC80000E2B0 /* Release */,
			);
			defaultConfigurationIsVisible = 0;
			defaultConfigurationName = Release;
		};
		344A9D172CADEFC80000E2B0 /* Build configuration list for PBXNativeTarget "ColeccionDeJuegos" */ = {
			isa = XCConfigurationList;
			buildConfigurations = (
				344A9D182CADEFC80000E2B0 /* Debug */,
				344A9D192CADEFC80000E2B0 /* Release */,
			);
			defaultConfigurationIsVisible = 0;
			defaultConfigurationName = Release;
		};
		344A9D1A2CADEFC80000E2B0 /* Build configuration list for PBXNativeTarget "ColeccionDeJuegosTests" */ = {
			isa = XCConfigurationList;
			buildConfigurations = (
				344A9D1B2CADEFC80000E2B0 /* Debug */,
				344A9D1C2CADEFC80000E2B0 /* Release */,
			);
			defaultConfigurationIsVisible = 0;
			defaultConfigurationName = Release;
		};
		344A9D1D2CADEFC80000E2B0 /* Build configuration list for PBXNativeTarget "ColeccionDeJuegosUITests" */ = {
			isa = XCConfigurationList;
			buildConfigurations = (
				344A9D1E2CADEFC80000E2B0 /* Debug */,
				344A9D1F2CADEFC80000E2B0 /* Release */,
			);
			defaultConfigurationIsVisible = 0;
			defaultConfigurationName = Release;
		};
/* End XCConfigurationList section */

/* Begin XCVersionGroup section */
		344A9CF62CADEFC50000E2B0 /* ColeccionDeJuegos.xcdatamodeld */ = {
			isa = XCVersionGroup;
			children = (
				344A9CF72CADEFC50000E2B0 /* ColeccionDeJuegos.xcdatamodel */,
			);
			currentVersion = 344A9CF72CADEFC50000E2B0 /* ColeccionDeJuegos.xcdatamodel */;
			path = ColeccionDeJuegos.xcdatamodeld;
			sourceTree = "<group>";
			versionGroupType = wrapper.xcdatamodel;
		};
/* End XCVersionGroup section */
	};
	rootObject = 344A9CE22CADEFC50000E2B0 /* Project object */;
}
